// !$*UTF8*$!
{
	archiveVersion = 1;
	classes = {
	};
	objectVersion = 46;
	objects = {

/* Begin PBXBuildFile section */
		9AC210021F8F50F1004AB155 /* AppDelegate.swift in Sources */ = {isa = PBXBuildFile; fileRef = 9AC210011F8F50F1004AB155 /* AppDelegate.swift */; };
		9AC210041F8F50F1004AB155 /* ViewController.swift in Sources */ = {isa = PBXBuildFile; fileRef = 9AC210031F8F50F1004AB155 /* ViewController.swift */; };
		9AC210071F8F50F1004AB155 /* Main.storyboard in Resources */ = {isa = PBXBuildFile; fileRef = 9AC210051F8F50F1004AB155 /* Main.storyboard */; };
		9AC210091F8F50F1004AB155 /* Assets.xcassets in Resources */ = {isa = PBXBuildFile; fileRef = 9AC210081F8F50F1004AB155 /* Assets.xcassets */; };
		9AC2100C1F8F50F1004AB155 /* LaunchScreen.storyboard in Resources */ = {isa = PBXBuildFile; fileRef = 9AC2100A1F8F50F1004AB155 /* LaunchScreen.storyboard */; };
		9AC210171F8F50F1004AB155 /* TableViewiOSTests.swift in Sources */ = {isa = PBXBuildFile; fileRef = 9AC210161F8F50F1004AB155 /* TableViewiOSTests.swift */; };
		9AC210221F8F50F1004AB155 /* TableViewiOSUITests.swift in Sources */ = {isa = PBXBuildFile; fileRef = 9AC210211F8F50F1004AB155 /* TableViewiOSUITests.swift */; };
		9AC210301F8F51E7004AB155 /* TableViewController.swift in Sources */ = {isa = PBXBuildFile; fileRef = 9AC2102F1F8F51E7004AB155 /* TableViewController.swift */; };
/* End PBXBuildFile section */

/* Begin PBXContainerItemProxy section */
		9AC210131F8F50F1004AB155 /* PBXContainerItemProxy */ = {
			isa = PBXContainerItemProxy;
			containerPortal = 9AC20FF61F8F50F1004AB155 /* Project object */;
			proxyType = 1;
			remoteGlobalIDString = 9AC20FFD1F8F50F1004AB155;
			remoteInfo = TableViewiOS;
		};
		9AC2101E1F8F50F1004AB155 /* PBXContainerItemProxy */ = {
			isa = PBXContainerItemProxy;
			containerPortal = 9AC20FF61F8F50F1004AB155 /* Project object */;
			proxyType = 1;
			remoteGlobalIDString = 9AC20FFD1F8F50F1004AB155;
			remoteInfo = TableViewiOS;
		};
/* End PBXContainerItemProxy section */

/* Begin PBXFileReference section */
		9AC20FFE1F8F50F1004AB155 /* TableViewiOS.app */ = {isa = PBXFileReference; explicitFileType = wrapper.application; includeInIndex = 0; path = TableViewiOS.app; sourceTree = BUILT_PRODUCTS_DIR; };
		9AC210011F8F50F1004AB155 /* AppDelegate.swift */ = {isa = PBXFileReference; lastKnownFileType = sourcecode.swift; path = AppDelegate.swift; sourceTree = "<group>"; };
		9AC210031F8F50F1004AB155 /* ViewController.swift */ = {isa = PBXFileReference; lastKnownFileType = sourcecode.swift; path = ViewController.swift; sourceTree = "<group>"; };
		9AC210061F8F50F1004AB155 /* Base */ = {isa = PBXFileReference; lastKnownFileType = file.storyboard; name = Base; path = Base.lproj/Main.storyboard; sourceTree = "<group>"; };
		9AC210081F8F50F1004AB155 /* Assets.xcassets */ = {isa = PBXFileReference; lastKnownFileType = folder.assetcatalog; path = Assets.xcassets; sourceTree = "<group>"; };
		9AC2100B1F8F50F1004AB155 /* Base */ = {isa = PBXFileReference; lastKnownFileType = file.storyboard; name = Base; path = Base.lproj/LaunchScreen.storyboard; sourceTree = "<group>"; };
		9AC2100D1F8F50F1004AB155 /* Info.plist */ = {isa = PBXFileReference; lastKnownFileType = text.plist.xml; path = Info.plist; sourceTree = "<group>"; };
		9AC210121F8F50F1004AB155 /* TableViewiOSTests.xctest */ = {isa = PBXFileReference; explicitFileType = wrapper.cfbundle; includeInIndex = 0; path = TableViewiOSTests.xctest; sourceTree = BUILT_PRODUCTS_DIR; };
		9AC210161F8F50F1004AB155 /* TableViewiOSTests.swift */ = {isa = PBXFileReference; lastKnownFileType = sourcecode.swift; path = TableViewiOSTests.swift; sourceTree = "<group>"; };
		9AC210181F8F50F1004AB155 /* Info.plist */ = {isa = PBXFileReference; lastKnownFileType = text.plist.xml; path = Info.plist; sourceTree = "<group>"; };
		9AC2101D1F8F50F1004AB155 /* TableViewiOSUITests.xctest */ = {isa = PBXFileReference; explicitFileType = wrapper.cfbundle; includeInIndex = 0; path = TableViewiOSUITests.xctest; sourceTree = BUILT_PRODUCTS_DIR; };
		9AC210211F8F50F1004AB155 /* TableViewiOSUITests.swift */ = {isa = PBXFileReference; lastKnownFileType = sourcecode.swift; path = TableViewiOSUITests.swift; sourceTree = "<group>"; };
		9AC210231F8F50F1004AB155 /* Info.plist */ = {isa = PBXFileReference; lastKnownFileType = text.plist.xml; path = Info.plist; sourceTree = "<group>"; };
		9AC2102F1F8F51E7004AB155 /* TableViewController.swift */ = {isa = PBXFileReference; fileEncoding = 4; lastKnownFileType = sourcecode.swift; path = TableViewController.swift; sourceTree = "<group>"; };
/* End PBXFileReference section */

/* Begin PBXFrameworksBuildPhase section */
		9AC20FFB1F8F50F1004AB155 /* Frameworks */ = {
			isa = PBXFrameworksBuildPhase;
			buildActionMask = 2147483647;
			files = (
			);
			runOnlyForDeploymentPostprocessing = 0;
		};
		9AC2100F1F8F50F1004AB155 /* Frameworks */ = {
			isa = PBXFrameworksBuildPhase;
			buildActionMask = 2147483647;
			files = (
			);
			runOnlyForDeploymentPostprocessing = 0;
		};
		9AC2101A1F8F50F1004AB155 /* Frameworks */ = {
			isa = PBXFrameworksBuildPhase;
			buildActionMask = 2147483647;
			files = (
			);
			runOnlyForDeploymentPostprocessing = 0;
		};
/* End PBXFrameworksBuildPhase section */

/* Begin PBXGroup section */
		9AC20FF51F8F50F1004AB155 = {
			isa = PBXGroup;
			children = (
				9AC210001F8F50F1004AB155 /* TableViewiOS */,
				9AC210151F8F50F1004AB155 /* TableViewiOSTests */,
				9AC210201F8F50F1004AB155 /* TableViewiOSUITests */,
				9AC20FFF1F8F50F1004AB155 /* Products */,
			);
			sourceTree = "<group>";
		};
		9AC20FFF1F8F50F1004AB155 /* Products */ = {
			isa = PBXGroup;
			children = (
				9AC20FFE1F8F50F1004AB155 /* TableViewiOS.app */,
				9AC210121F8F50F1004AB155 /* TableViewiOSTests.xctest */,
				9AC2101D1F8F50F1004AB155 /* TableViewiOSUITests.xctest */,
			);
			name = Products;
			sourceTree = "<group>";
		};
		9AC210001F8F50F1004AB155 /* TableViewiOS */ = {
			isa = PBXGroup;
			children = (
				9AC210011F8F50F1004AB155 /* AppDelegate.swift */,
				9AC210031F8F50F1004AB155 /* ViewController.swift */,
				9AC210051F8F50F1004AB155 /* Main.storyboard */,
				9AC210081F8F50F1004AB155 /* Assets.xcassets */,
				9AC2100A1F8F50F1004AB155 /* LaunchScreen.storyboard */,
				9AC2100D1F8F50F1004AB155 /* Info.plist */,
				9AC2102F1F8F51E7004AB155 /* TableViewController.swift */,
			);
			path = TableViewiOS;
			sourceTree = "<group>";
		};
		9AC210151F8F50F1004AB155 /* TableViewiOSTests */ = {
			isa = PBXGroup;
			children = (
				9AC210161F8F50F1004AB155 /* TableViewiOSTests.swift */,
				9AC210181F8F50F1004AB155 /* Info.plist */,
			);
			path = TableViewiOSTests;
			sourceTree = "<group>";
		};
		9AC210201F8F50F1004AB155 /* TableViewiOSUITests */ = {
			isa = PBXGroup;
			children = (
				9AC210211F8F50F1004AB155 /* TableViewiOSUITests.swift */,
				9AC210231F8F50F1004AB155 /* Info.plist */,
			);
			path = TableViewiOSUITests;
			sourceTree = "<group>";
		};
/* End PBXGroup section */

/* Begin PBXNativeTarget section */
		9AC20FFD1F8F50F1004AB155 /* TableViewiOS */ = {
			isa = PBXNativeTarget;
			buildConfigurationList = 9AC210261F8F50F1004AB155 /* Build configuration list for PBXNativeTarget "TableViewiOS" */;
			buildPhases = (
				9AC20FFA1F8F50F1004AB155 /* Sources */,
				9AC20FFB1F8F50F1004AB155 /* Frameworks */,
				9AC20FFC1F8F50F1004AB155 /* Resources */,
			);
			buildRules = (
			);
			dependencies = (
			);
			name = TableViewiOS;
			productName = TableViewiOS;
			productReference = 9AC20FFE1F8F50F1004AB155 /* TableViewiOS.app */;
			productType = "com.apple.product-type.application";
		};
		9AC210111F8F50F1004AB155 /* TableViewiOSTests */ = {
			isa = PBXNativeTarget;
			buildConfigurationList = 9AC210291F8F50F1004AB155 /* Build configuration list for PBXNativeTarget "TableViewiOSTests" */;
			buildPhases = (
				9AC2100E1F8F50F1004AB155 /* Sources */,
				9AC2100F1F8F50F1004AB155 /* Frameworks */,
				9AC210101F8F50F1004AB155 /* Resources */,
			);
			buildRules = (
			);
			dependencies = (
				9AC210141F8F50F1004AB155 /* PBXTargetDependency */,
			);
			name = TableViewiOSTests;
			productName = TableViewiOSTests;
			productReference = 9AC210121F8F50F1004AB155 /* TableViewiOSTests.xctest */;
			productType = "com.apple.product-type.bundle.unit-test";
		};
		9AC2101C1F8F50F1004AB155 /* TableViewiOSUITests */ = {
			isa = PBXNativeTarget;
			buildConfigurationList = 9AC2102C1F8F50F1004AB155 /* Build configuration list for PBXNativeTarget "TableViewiOSUITests" */;
			buildPhases = (
				9AC210191F8F50F1004AB155 /* Sources */,
				9AC2101A1F8F50F1004AB155 /* Frameworks */,
				9AC2101B1F8F50F1004AB155 /* Resources */,
			);
			buildRules = (
			);
			dependencies = (
				9AC2101F1F8F50F1004AB155 /* PBXTargetDependency */,
			);
			name = TableViewiOSUITests;
			productName = TableViewiOSUITests;
			productReference = 9AC2101D1F8F50F1004AB155 /* TableViewiOSUITests.xctest */;
			productType = "com.apple.product-type.bundle.ui-testing";
		};
/* End PBXNativeTarget section */

/* Begin PBXProject section */
		9AC20FF61F8F50F1004AB155 /* Project object */ = {
			isa = PBXProject;
			attributes = {
				LastSwiftUpdateCheck = 0830;
				LastUpgradeCheck = 0830;
				ORGANIZATIONNAME = "Rizki Syaputra";
				TargetAttributes = {
					9AC20FFD1F8F50F1004AB155 = {
						CreatedOnToolsVersion = 8.3;
						ProvisioningStyle = Automatic;
					};
					9AC210111F8F50F1004AB155 = {
						CreatedOnToolsVersion = 8.3;
						ProvisioningStyle = Automatic;
						TestTargetID = 9AC20FFD1F8F50F1004AB155;
					};
					9AC2101C1F8F50F1004AB155 = {
						CreatedOnToolsVersion = 8.3;
						ProvisioningStyle = Automatic;
						TestTargetID = 9AC20FFD1F8F50F1004AB155;
					};
				};
			};
			buildConfigurationList = 9AC20FF91F8F50F1004AB155 /* Build configuration list for PBXProject "TableViewiOS" */;
			compatibilityVersion = "Xcode 3.2";
			developmentRegion = English;
			hasScannedForEncodings = 0;
			knownRegions = (
				en,
				Base,
			);
			mainGroup = 9AC20FF51F8F50F1004AB155;
			productRefGroup = 9AC20FFF1F8F50F1004AB155 /* Products */;
			projectDirPath = "";
			projectRoot = "";
			targets = (
				9AC20FFD1F8F50F1004AB155 /* TableViewiOS */,
				9AC210111F8F50F1004AB155 /* TableViewiOSTests */,
				9AC2101C1F8F50F1004AB155 /* TableViewiOSUITests */,
			);
		};
/* End PBXProject section */

/* Begin PBXResourcesBuildPhase section */
		9AC20FFC1F8F50F1004AB155 /* Resources */ = {
			isa = PBXResourcesBuildPhase;
			buildActionMask = 2147483647;
			files = (
				9AC2100C1F8F50F1004AB155 /* LaunchScreen.storyboard in Resources */,
				9AC210091F8F50F1004AB155 /* Assets.xcassets in Resources */,
				9AC210071F8F50F1004AB155 /* Main.storyboard in Resources */,
			);
			runOnlyForDeploymentPostprocessing = 0;
		};
		9AC210101F8F50F1004AB155 /* Resources */ = {
			isa = PBXResourcesBuildPhase;
			buildActionMask = 2147483647;
			files = (
			);
			runOnlyForDeploymentPostprocessing = 0;
		};
		9AC2101B1F8F50F1004AB155 /* Resources */ = {
			isa = PBXResourcesBuildPhase;
			buildActionMask = 2147483647;
			files = (
			);
			runOnlyForDeploymentPostprocessing = 0;
		};
/* End PBXResourcesBuildPhase section */

/* Begin PBXSourcesBuildPhase section */
		9AC20FFA1F8F50F1004AB155 /* Sources */ = {
			isa = PBXSourcesBuildPhase;
			buildActionMask = 2147483647;
			files = (
				9AC210041F8F50F1004AB155 /* ViewController.swift in Sources */,
				9AC210301F8F51E7004AB155 /* TableViewController.swift in Sources */,
				9AC210021F8F50F1004AB155 /* AppDelegate.swift in Sources */,
			);
			runOnlyForDeploymentPostprocessing = 0;
		};
		9AC2100E1F8F50F1004AB155 /* Sources */ = {
			isa = PBXSourcesBuildPhase;
			buildActionMask = 2147483647;
			files = (
				9AC210171F8F50F1004AB155 /* TableViewiOSTests.swift in Sources */,
			);
			runOnlyForDeploymentPostprocessing = 0;
		};
		9AC210191F8F50F1004AB155 /* Sources */ = {
			isa = PBXSourcesBuildPhase;
			buildActionMask = 2147483647;
			files = (
				9AC210221F8F50F1004AB155 /* TableViewiOSUITests.swift in Sources */,
			);
			runOnlyForDeploymentPostprocessing = 0;
		};
/* End PBXSourcesBuildPhase section */

/* Begin PBXTargetDependency section */
		9AC210141F8F50F1004AB155 /* PBXTargetDependency */ = {
			isa = PBXTargetDependency;
			target = 9AC20FFD1F8F50F1004AB155 /* TableViewiOS */;
			targetProxy = 9AC210131F8F50F1004AB155 /* PBXContainerItemProxy */;
		};
		9AC2101F1F8F50F1004AB155 /* PBXTargetDependency */ = {
			isa = PBXTargetDependency;
			target = 9AC20FFD1F8F50F1004AB155 /* TableViewiOS */;
			targetProxy = 9AC2101E1F8F50F1004AB155 /* PBXContainerItemProxy */;
		};
/* End PBXTargetDependency section */

/* Begin PBXVariantGroup section */
		9AC210051F8F50F1004AB155 /* Main.storyboard */ = {
			isa = PBXVariantGroup;
			children = (
				9AC210061F8F50F1004AB155 /* Base */,
			);
			name = Main.storyboard;
			sourceTree = "<group>";
		};
		9AC2100A1F8F50F1004AB155 /* LaunchScreen.storyboard */ = {
			isa = PBXVariantGroup;
			children = (
				9AC2100B1F8F50F1004AB155 /* Base */,
			);
			name = LaunchScreen.storyboard;
			sourceTree = "<group>";
		};
/* End PBXVariantGroup section */

/* Begin XCBuildConfiguration section */
		9AC210241F8F50F1004AB155 /* Debug */ = {
			isa = XCBuildConfiguration;
			buildSettings = {
				ALWAYS_SEARCH_USER_PATHS = NO;
				CLANG_ANALYZER_NONNULL = YES;
				CLANG_ANALYZER_NUMBER_OBJECT_CONVERSION = YES_AGGRESSIVE;
				CLANG_CXX_LANGUAGE_STANDARD = "gnu++0x";
				CLANG_CXX_LIBRARY = "libc++";
				CLANG_ENABLE_MODULES = YES;
				CLANG_ENABLE_OBJC_ARC = YES;
				CLANG_WARN_BOOL_CONVERSION = YES;
				CLANG_WARN_CONSTANT_CONVERSION = YES;
				CLANG_WARN_DIRECT_OBJC_ISA_USAGE = YES_ERROR;
				CLANG_WARN_DOCUMENTATION_COMMENTS = YES;
				CLANG_WARN_EMPTY_BODY = YES;
				CLANG_WARN_ENUM_CONVERSION = YES;
				CLANG_WARN_INFINITE_RECURSION = YES;
				CLANG_WARN_INT_CONVERSION = YES;
				CLANG_WARN_OBJC_ROOT_CLASS = YES_ERROR;
				CLANG_WARN_SUSPICIOUS_MOVE = YES;
				CLANG_WARN_UNREACHABLE_CODE = YES;
				CLANG_WARN__DUPLICATE_METHOD_MATCH = YES;
				"CODE_SIGN_IDENTITY[sdk=iphoneos*]" = "iPhone Developer";
				COPY_PHASE_STRIP = NO;
				DEBUG_INFORMATION_FORMAT = dwarf;
				ENABLE_STRICT_OBJC_MSGSEND = YES;
				ENABLE_TESTABILITY = YES;
				GCC_C_LANGUAGE_STANDARD = gnu99;
				GCC_DYNAMIC_NO_PIC = NO;
				GCC_NO_COMMON_BLOCKS = YES;
				GCC_OPTIMIZATION_LEVEL = 0;
				GCC_PREPROCESSOR_DEFINITIONS = (
					"DEBUG=1",
					"$(inherited)",
				);
				GCC_WARN_64_TO_32_BIT_CONVERSION = YES;
				GCC_WARN_ABOUT_RETURN_TYPE = YES_ERROR;
				GCC_WARN_UNDECLARED_SELECTOR = YES;
				GCC_WARN_UNINITIALIZED_AUTOS = YES_AGGRESSIVE;
				GCC_WARN_UNUSED_FUNCTION = YES;
				GCC_WARN_UNUSED_VARIABLE = YES;
				IPHONEOS_DEPLOYMENT_TARGET = 10.3;
				MTL_ENABLE_DEBUG_INFO = YES;
				ONLY_ACTIVE_ARCH = YES;
				SDKROOT = iphoneos;
				SWIFT_ACTIVE_COMPILATION_CONDITIONS = DEBUG;
				SWIFT_OPTIMIZATION_LEVEL = "-Onone";
				TARGETED_DEVICE_FAMILY = "1,2";
			};
			name = Debug;
		};
		9AC210251F8F50F1004AB155 /* Release */ = {
			isa = XCBuildConfiguration;
			buildSettings = {
				ALWAYS_SEARCH_USER_PATHS = NO;
				CLANG_ANALYZER_NONNULL = YES;
				CLANG_ANALYZER_NUMBER_OBJECT_CONVERSION = YES_AGGRESSIVE;
				CLANG_CXX_LANGUAGE_STANDARD = "gnu++0x";
				CLANG_CXX_LIBRARY = "libc++";
				CLANG_ENABLE_MODULES = YES;
				CLANG_ENABLE_OBJC_ARC = YES;
				CLANG_WARN_BOOL_CONVERSION = YES;
				CLANG_WARN_CONSTANT_CONVERSION = YES;
				CLANG_WARN_DIRECT_OBJC_ISA_USAGE = YES_ERROR;
				CLANG_WARN_DOCUMENTATION_COMMENTS = YES;
				CLANG_WARN_EMPTY_BODY = YES;
				CLANG_WARN_ENUM_CONVERSION = YES;
				CLANG_WARN_INFINITE_RECURSION = YES;
				CLANG_WARN_INT_CONVERSION = YES;
				CLANG_WARN_OBJC_ROOT_CLASS = YES_ERROR;
				CLANG_WARN_SUSPICIOUS_MOVE = YES;
				CLANG_WARN_UNREACHABLE_CODE = YES;
				CLANG_WARN__DUPLICATE_METHOD_MATCH = YES;
				"CODE_SIGN_IDENTITY[sdk=iphoneos*]" = "iPhone Developer";
				COPY_PHASE_STRIP = NO;
				DEBUG_INFORMATION_FORMAT = "dwarf-with-dsym";
				ENABLE_NS_ASSERTIONS = NO;
				ENABLE_STRICT_OBJC_MSGSEND = YES;
				GCC_C_LANGUAGE_STANDARD = gnu99;
				GCC_NO_COMMON_BLOCKS = YES;
				GCC_WARN_64_TO_32_BIT_CONVERSION = YES;
				GCC_WARN_ABOUT_RETURN_TYPE = YES_ERROR;
				GCC_WARN_UNDECLARED_SELECTOR = YES;
				GCC_WARN_UNINITIALIZED_AUTOS = YES_AGGRESSIVE;
				GCC_WARN_UNUSED_FUNCTION = YES;
				GCC_WARN_UNUSED_VARIABLE = YES;
				IPHONEOS_DEPLOYMENT_TARGET = 10.3;
				MTL_ENABLE_DEBUG_INFO = NO;
				SDKROOT = iphoneos;
				SWIFT_OPTIMIZATION_LEVEL = "-Owholemodule";
				TARGETED_DEVICE_FAMILY = "1,2";
				VALIDATE_PRODUCT = YES;
			};
			name = Release;
		};
		9AC210271F8F50F1004AB155 /* Debug */ = {
			isa = XCBuildConfiguration;
			buildSettings = {
				ASSETCATALOG_COMPILER_APPICON_NAME = AppIcon;
				INFOPLIST_FILE = TableViewiOS/Info.plist;
				LD_RUNPATH_SEARCH_PATHS = "$(inherited) @executable_path/Frameworks";
				PRODUCT_BUNDLE_IDENTIFIER = programmermuslim.TableViewiOS;
				PRODUCT_NAME = "$(TARGET_NAME)";
				SWIFT_VERSION = 3.0;
			};
			name = Debug;
		};
		9AC210281F8F50F1004AB155 /* Release */ = {
			isa = XCBuildConfiguration;
			buildSettings = {
				ASSETCATALOG_COMPILER_APPICON_NAME = AppIcon;
				INFOPLIST_FILE = TableViewiOS/Info.plist;
				LD_RUNPATH_SEARCH_PATHS = "$(inherited) @executable_path/Frameworks";
				PRODUCT_BUNDLE_IDENTIFIER = programmermuslim.TableViewiOS;
				PRODUCT_NAME = "$(TARGET_NAME)";
				SWIFT_VERSION = 3.0;
			};
			name = Release;
		};
		9AC2102A1F8F50F1004AB155 /* Debug */ = {
			isa = XCBuildConfiguration;
			buildSettings = {
				ALWAYS_EMBED_SWIFT_STANDARD_LIBRARIES = YES;
				BUNDLE_LOADER = "$(TEST_HOST)";
				INFOPLIST_FILE = TableViewiOSTests/Info.plist;
				LD_RUNPATH_SEARCH_PATHS = "$(inherited) @executable_path/Frameworks @loader_path/Frameworks";
				PRODUCT_BUNDLE_IDENTIFIER = programmermuslim.TableViewiOSTests;
				PRODUCT_NAME = "$(TARGET_NAME)";
				SWIFT_VERSION = 3.0;
				TEST_HOST = "$(BUILT_PRODUCTS_DIR)/TableViewiOS.app/TableViewiOS";
			};
			name = Debug;
		};
		9AC2102B1F8F50F1004AB155 /* Release */ = {
			isa = XCBuildConfiguration;
			buildSettings = {
				ALWAYS_EMBED_SWIFT_STANDARD_LIBRARIES = YES;
				BUNDLE_LOADER = "$(TEST_HOST)";
				INFOPLIST_FILE = TableViewiOSTests/Info.plist;
				LD_RUNPATH_SEARCH_PATHS = "$(inherited) @executable_path/Frameworks @loader_path/Frameworks";
				PRODUCT_BUNDLE_IDENTIFIER = programmermuslim.TableViewiOSTests;
				PRODUCT_NAME = "$(TARGET_NAME)";
				SWIFT_VERSION = 3.0;
				TEST_HOST = "$(BUILT_PRODUCTS_DIR)/TableViewiOS.app/TableViewiOS";
			};
			name = Release;
		};
		9AC2102D1F8F50F1004AB155 /* Debug */ = {
			isa = XCBuildConfiguration;
			buildSettings = {
				ALWAYS_EMBED_SWIFT_STANDARD_LIBRARIES = YES;
				INFOPLIST_FILE = TableViewiOSUITests/Info.plist;
				LD_RUNPATH_SEARCH_PATHS = "$(inherited) @executable_path/Frameworks @loader_path/Frameworks";
				PRODUCT_BUNDLE_IDENTIFIER = programmermuslim.TableViewiOSUITests;
				PRODUCT_NAME = "$(TARGET_NAME)";
				SWIFT_VERSION = 3.0;
				TEST_TARGET_NAME = TableViewiOS;
			};
			name = Debug;
		};
		9AC2102E1F8F50F1004AB155 /* Release */ = {
			isa = XCBuildConfiguration;
			buildSettings = {
				ALWAYS_EMBED_SWIFT_STANDARD_LIBRARIES = YES;
				INFOPLIST_FILE = TableViewiOSUITests/Info.plist;
				LD_RUNPATH_SEARCH_PATHS = "$(inherited) @executable_path/Frameworks @loader_path/Frameworks";
				PRODUCT_BUNDLE_IDENTIFIER = programmermuslim.TableViewiOSUITests;
				PRODUCT_NAME = "$(TARGET_NAME)";
				SWIFT_VERSION = 3.0;
				TEST_TARGET_NAME = TableViewiOS;
			};
			name = Release;
		};
/* End XCBuildConfiguration section */

/* Begin XCConfigurationList section */
		9AC20FF91F8F50F1004AB155 /* Build configuration list for PBXProject "TableViewiOS" */ = {
			isa = XCConfigurationList;
			buildConfigurations = (
				9AC210241F8F50F1004AB155 /* Debug */,
				9AC210251F8F50F1004AB155 /* Release */,
			);
			defaultConfigurationIsVisible = 0;
			defaultConfigurationName = Release;
		};
		9AC210261F8F50F1004AB155 /* Build configuration list for PBXNativeTarget "TableViewiOS" */ = {
			isa = XCConfigurationList;
			buildConfigurations = (
				9AC210271F8F50F1004AB155 /* Debug */,
				9AC210281F8F50F1004AB155 /* Release */,
			);
			defaultConfigurationIsVisible = 0;
		};
		9AC210291F8F50F1004AB155 /* Build configuration list for PBXNativeTarget "TableViewiOSTests" */ = {
			isa = XCConfigurationList;
			buildConfigurations = (
				9AC2102A1F8F50F1004AB155 /* Debug */,
				9AC2102B1F8F50F1004AB155 /* Release */,
			);
			defaultConfigurationIsVisible = 0;
		};
		9AC2102C1F8F50F1004AB155 /* Build configuration list for PBXNativeTarget "TableViewiOSUITests" */ = {
			isa = XCConfigurationList;
			buildConfigurations = (
				9AC2102D1F8F50F1004AB155 /* Debug */,
				9AC2102E1F8F50F1004AB155 /* Release */,
			);
			defaultConfigurationIsVisible = 0;
		};
/* End XCConfigurationList section */
	};
	rootObject = 9AC20FF61F8F50F1004AB155 /* Project object */;
}
